
Microsoft Visual Studio Solution File, Format Version 12.00
# Visual Studio 15
VisualStudioVersion = 15.0.28307.168
MinimumVisualStudioVersion = 10.0.40219.1
Project("{FAE04EC0-301F-11D3-BF4B-00C04F79EFBC}") = "sine_graph_1", "sine_graph_1\sine_graph_1.csproj", "{363D80D9-5E6E-4996-9291-96F21B8D6628}"
EndProject
Global
	GlobalSection(SolutionConfigurationPlatforms) = preSolution
		Debug|Any CPU = Debug|Any CPU
		Release|Any CPU = Release|Any CPU
	EndGlobalSection
	GlobalSection(ProjectConfigurationPlatforms) = postSolution
		{363D80D9-5E6E-4996-9291-96F21B8D6628}.Debug|Any CPU.ActiveCfg = Debug|Any CPU
		{363D80D9-5E6E-4996-9291-96F21B8D6628}.Debug|Any CPU.Build.0 = Debug|Any CPU
		{363D80D9-5E6E-4996-9291-96F21B8D6628}.Release|Any CPU.ActiveCfg = Release|Any CPU
		{363D80D9-5E6E-4996-9291-96F21B8D6628}.Release|Any CPU.Build.0 = Release|Any CPU
	EndGlobalSection
	GlobalSection(SolutionProperties) = preSolution
		HideSolutionNode = FALSE
	EndGlobalSection
	GlobalSection(ExtensibilityGlobals) = postSolution
		SolutionGuid = {7AB7A414-BC80-4B72-81A4-3A25AD1A11BC}
	EndGlobalSection
EndGlobal
