
Microsoft Visual Studio Solution File, Format Version 12.00
# Visual Studio 15
VisualStudioVersion = 15.0.28307.168
MinimumVisualStudioVersion = 10.0.40219.1
Project("{FAE04EC0-301F-11D3-BF4B-00C04F79EFBC}") = "sine_graph_3", "sine_graph_3\sine_graph_3.csproj", "{9BAF8967-64A5-43BA-A917-37849995E85D}"
EndProject
Global
	GlobalSection(SolutionConfigurationPlatforms) = preSolution
		Debug|Any CPU = Debug|Any CPU
		Release|Any CPU = Release|Any CPU
	EndGlobalSection
	GlobalSection(ProjectConfigurationPlatforms) = postSolution
		{9BAF8967-64A5-43BA-A917-37849995E85D}.Debug|Any CPU.ActiveCfg = Debug|Any CPU
		{9BAF8967-64A5-43BA-A917-37849995E85D}.Debug|Any CPU.Build.0 = Debug|Any CPU
		{9BAF8967-64A5-43BA-A917-37849995E85D}.Release|Any CPU.ActiveCfg = Release|Any CPU
		{9BAF8967-64A5-43BA-A917-37849995E85D}.Release|Any CPU.Build.0 = Release|Any CPU
	EndGlobalSection
	GlobalSection(SolutionProperties) = preSolution
		HideSolutionNode = FALSE
	EndGlobalSection
	GlobalSection(ExtensibilityGlobals) = postSolution
		SolutionGuid = {7ED281E5-77EF-4F7E-99FB-E6CC3EB10724}
	EndGlobalSection
EndGlobal
