
Microsoft Visual Studio Solution File, Format Version 12.00
# Visual Studio 15
VisualStudioVersion = 15.0.28307.168
MinimumVisualStudioVersion = 10.0.40219.1
Project("{FAE04EC0-301F-11D3-BF4B-00C04F79EFBC}") = "sine_graph_2", "sine_graph_2\sine_graph_2.csproj", "{B47D0C64-BD93-4800-9E41-E0DF0CC1398D}"
EndProject
Global
	GlobalSection(SolutionConfigurationPlatforms) = preSolution
		Debug|Any CPU = Debug|Any CPU
		Release|Any CPU = Release|Any CPU
	EndGlobalSection
	GlobalSection(ProjectConfigurationPlatforms) = postSolution
		{B47D0C64-BD93-4800-9E41-E0DF0CC1398D}.Debug|Any CPU.ActiveCfg = Debug|Any CPU
		{B47D0C64-BD93-4800-9E41-E0DF0CC1398D}.Debug|Any CPU.Build.0 = Debug|Any CPU
		{B47D0C64-BD93-4800-9E41-E0DF0CC1398D}.Release|Any CPU.ActiveCfg = Release|Any CPU
		{B47D0C64-BD93-4800-9E41-E0DF0CC1398D}.Release|Any CPU.Build.0 = Release|Any CPU
	EndGlobalSection
	GlobalSection(SolutionProperties) = preSolution
		HideSolutionNode = FALSE
	EndGlobalSection
	GlobalSection(ExtensibilityGlobals) = postSolution
		SolutionGuid = {B2EBFA83-AF99-44C0-AC74-7D401D5B8ADC}
	EndGlobalSection
EndGlobal
