
Microsoft Visual Studio Solution File, Format Version 12.00
# Visual Studio 15
VisualStudioVersion = 15.0.28307.168
MinimumVisualStudioVersion = 10.0.40219.1
Project("{FAE04EC0-301F-11D3-BF4B-00C04F79EFBC}") = "Signup_Secure", "Signup_Secure\Signup_Secure.csproj", "{907F2BCD-A764-4604-8666-6901708D27DA}"
EndProject
Global
	GlobalSection(SolutionConfigurationPlatforms) = preSolution
		Debug|Any CPU = Debug|Any CPU
		Release|Any CPU = Release|Any CPU
	EndGlobalSection
	GlobalSection(ProjectConfigurationPlatforms) = postSolution
		{907F2BCD-A764-4604-8666-6901708D27DA}.Debug|Any CPU.ActiveCfg = Debug|Any CPU
		{907F2BCD-A764-4604-8666-6901708D27DA}.Debug|Any CPU.Build.0 = Debug|Any CPU
		{907F2BCD-A764-4604-8666-6901708D27DA}.Release|Any CPU.ActiveCfg = Release|Any CPU
		{907F2BCD-A764-4604-8666-6901708D27DA}.Release|Any CPU.Build.0 = Release|Any CPU
	EndGlobalSection
	GlobalSection(SolutionProperties) = preSolution
		HideSolutionNode = FALSE
	EndGlobalSection
	GlobalSection(ExtensibilityGlobals) = postSolution
		SolutionGuid = {DAB9B5EC-91BE-46A4-81C2-A9AF88C638D4}
	EndGlobalSection
EndGlobal
