
Microsoft Visual Studio Solution File, Format Version 12.00
# Visual Studio 15
VisualStudioVersion = 15.0.28307.168
MinimumVisualStudioVersion = 10.0.40219.1
Project("{FAE04EC0-301F-11D3-BF4B-00C04F79EFBC}") = "Login", "Login\Login.csproj", "{8ED29DF1-F48C-4644-A67A-BDE6D2DC84E7}"
EndProject
Global
	GlobalSection(SolutionConfigurationPlatforms) = preSolution
		Debug|Any CPU = Debug|Any CPU
		Release|Any CPU = Release|Any CPU
	EndGlobalSection
	GlobalSection(ProjectConfigurationPlatforms) = postSolution
		{8ED29DF1-F48C-4644-A67A-BDE6D2DC84E7}.Debug|Any CPU.ActiveCfg = Debug|Any CPU
		{8ED29DF1-F48C-4644-A67A-BDE6D2DC84E7}.Debug|Any CPU.Build.0 = Debug|Any CPU
		{8ED29DF1-F48C-4644-A67A-BDE6D2DC84E7}.Release|Any CPU.ActiveCfg = Release|Any CPU
		{8ED29DF1-F48C-4644-A67A-BDE6D2DC84E7}.Release|Any CPU.Build.0 = Release|Any CPU
	EndGlobalSection
	GlobalSection(SolutionProperties) = preSolution
		HideSolutionNode = FALSE
	EndGlobalSection
	GlobalSection(ExtensibilityGlobals) = postSolution
		SolutionGuid = {D29CE10A-D40A-4A56-A53E-63004E440B9E}
	EndGlobalSection
EndGlobal
