
Microsoft Visual Studio Solution File, Format Version 12.00
# Visual Studio 15
VisualStudioVersion = 15.0.28307.421
MinimumVisualStudioVersion = 10.0.40219.1
Project("{FAE04EC0-301F-11D3-BF4B-00C04F79EFBC}") = "Hashing a string", "Hashing a string\Hashing a string.csproj", "{477872B7-1565-4E8E-B4A7-E8D8C8DD5D15}"
EndProject
Global
	GlobalSection(SolutionConfigurationPlatforms) = preSolution
		Debug|Any CPU = Debug|Any CPU
		Release|Any CPU = Release|Any CPU
	EndGlobalSection
	GlobalSection(ProjectConfigurationPlatforms) = postSolution
		{477872B7-1565-4E8E-B4A7-E8D8C8DD5D15}.Debug|Any CPU.ActiveCfg = Debug|Any CPU
		{477872B7-1565-4E8E-B4A7-E8D8C8DD5D15}.Debug|Any CPU.Build.0 = Debug|Any CPU
		{477872B7-1565-4E8E-B4A7-E8D8C8DD5D15}.Release|Any CPU.ActiveCfg = Release|Any CPU
		{477872B7-1565-4E8E-B4A7-E8D8C8DD5D15}.Release|Any CPU.Build.0 = Release|Any CPU
	EndGlobalSection
	GlobalSection(SolutionProperties) = preSolution
		HideSolutionNode = FALSE
	EndGlobalSection
	GlobalSection(ExtensibilityGlobals) = postSolution
		SolutionGuid = {D3D86C37-E385-4EFD-8B23-CB2A2D57646C}
	EndGlobalSection
EndGlobal
